
Microsoft Visual Studio Solution File, Format Version 12.00
# Visual Studio 15
Project("{FAE04EC0-301F-11D3-BF4B-00C04F79EFBC}") = "Assembly-CSharp", "Assembly-CSharp.csproj", "{4119BB74-E953-32CD-EEB7-F0E4BC60DA7F}"
EndProject
Project("{FAE04EC0-301F-11D3-BF4B-00C04F79EFBC}") = "Pcx", "Pcx.csproj", "{37102E04-4C62-664B-ADC5-466E5002878C}"
EndProject
Project("{FAE04EC0-301F-11D3-BF4B-00C04F79EFBC}") = "Assembly-CSharp-Editor", "Assembly-CSharp-Editor.csproj", "{3B97C277-15B1-DB29-99C1-F73238BD91C1}"
EndProject
Project("{FAE04EC0-301F-11D3-BF4B-00C04F79EFBC}") = "Pcx.Editor", "Pcx.Editor.csproj", "{D7F86B14-7399-A96E-4088-4D359BB01C9C}"
EndProject
Global
	GlobalSection(SolutionConfigurationPlatforms) = preSolution
		Debug|Any CPU = Debug|Any CPU
		Release|Any CPU = Release|Any CPU
	EndGlobalSection
	GlobalSection(ProjectConfigurationPlatforms) = postSolution
		{4119BB74-E953-32CD-EEB7-F0E4BC60DA7F}.Debug|Any CPU.ActiveCfg = Debug|Any CPU
		{4119BB74-E953-32CD-EEB7-F0E4BC60DA7F}.Debug|Any CPU.Build.0 = Debug|Any CPU
		{4119BB74-E953-32CD-EEB7-F0E4BC60DA7F}.Release|Any CPU.ActiveCfg = Release|Any CPU
		{4119BB74-E953-32CD-EEB7-F0E4BC60DA7F}.Release|Any CPU.Build.0 = Release|Any CPU
		{37102E04-4C62-664B-ADC5-466E5002878C}.Debug|Any CPU.ActiveCfg = Debug|Any CPU
		{37102E04-4C62-664B-ADC5-466E5002878C}.Debug|Any CPU.Build.0 = Debug|Any CPU
		{37102E04-4C62-664B-ADC5-466E5002878C}.Release|Any CPU.ActiveCfg = Release|Any CPU
		{37102E04-4C62-664B-ADC5-466E5002878C}.Release|Any CPU.Build.0 = Release|Any CPU
		{3B97C277-15B1-DB29-99C1-F73238BD91C1}.Debug|Any CPU.ActiveCfg = Debug|Any CPU
		{3B97C277-15B1-DB29-99C1-F73238BD91C1}.Debug|Any CPU.Build.0 = Debug|Any CPU
		{3B97C277-15B1-DB29-99C1-F73238BD91C1}.Release|Any CPU.ActiveCfg = Release|Any CPU
		{3B97C277-15B1-DB29-99C1-F73238BD91C1}.Release|Any CPU.Build.0 = Release|Any CPU
		{D7F86B14-7399-A96E-4088-4D359BB01C9C}.Debug|Any CPU.ActiveCfg = Debug|Any CPU
		{D7F86B14-7399-A96E-4088-4D359BB01C9C}.Debug|Any CPU.Build.0 = Debug|Any CPU
		{D7F86B14-7399-A96E-4088-4D359BB01C9C}.Release|Any CPU.ActiveCfg = Release|Any CPU
		{D7F86B14-7399-A96E-4088-4D359BB01C9C}.Release|Any CPU.Build.0 = Release|Any CPU
	EndGlobalSection
	GlobalSection(SolutionProperties) = preSolution
		HideSolutionNode = FALSE
	EndGlobalSection
EndGlobal
